{
  "name": "test-plugin-sys",
  "version": "1.0.0",
  "lockfileVersion": 3,
  "requires": true,
  "packages": {
    "": {
      "name": "test-plugin-sys",
      "version": "1.0.0",
      "license": "ISC",
      "dependencies": {
        "@yazs/everything-plugin": "^1.0.2"
      }
    },
    "node_modules/@yazs/everything-plugin": {
      "version": "1.0.2",
      "resolved": "https://registry.npmjs.org/@yazs/everything-plugin/-/everything-plugin-1.0.2.tgz",
      "integrity": "sha512-/vHDzy60l/N1zBP/YC3NLtaqIC337IV6DJ7K/LcbODBSUdjB4QYCigeAsQUDw/TFbSvY0pmrWCa4q3f2qK/U4A=="
    }
  }
}
